
Microsoft Visual Studio Solution File, Format Version 12.00
# Visual Studio 15
VisualStudioVersion = 15.0.27703.2042
MinimumVisualStudioVersion = 10.0.40219.1
Project("{9A19103F-16F7-4668-BE54-9A1E7A4F7556}") = "RankingServer", "RankingServer\RankingServer.csproj", "{578B4238-A48C-4F8F-9FB9-4D2E077053BA}"
EndProject
Project("{8BC9CEB8-8B4A-11D0-8D11-00A0C91BC942}") = "GetAllScoreData", "GetAllScoreData\GetAllScoreData.vcxproj", "{9F5A5474-73E0-4FF4-B48D-EB59009B9D4A}"
EndProject
Project("{8BC9CEB8-8B4A-11D0-8D11-00A0C91BC942}") = "GetScoreData", "GetScoreData\GetScoreData.vcxproj", "{BB1768E6-2CDC-4207-8738-6B040E1B9AD6}"
EndProject
Project("{8BC9CEB8-8B4A-11D0-8D11-00A0C91BC942}") = "PostScoreData", "PostScoreData\PostScoreData.vcxproj", "{E89EE2F0-71A2-428F-A6C1-44656768E113}"
EndProject
Global
	GlobalSection(SolutionConfigurationPlatforms) = preSolution
		Debug|Any CPU = Debug|Any CPU
		Debug|x64 = Debug|x64
		Debug|x86 = Debug|x86
		Release|Any CPU = Release|Any CPU
		Release|x64 = Release|x64
		Release|x86 = Release|x86
	EndGlobalSection
	GlobalSection(ProjectConfigurationPlatforms) = postSolution
		{578B4238-A48C-4F8F-9FB9-4D2E077053BA}.Debug|Any CPU.ActiveCfg = Debug|Any CPU
		{578B4238-A48C-4F8F-9FB9-4D2E077053BA}.Debug|Any CPU.Build.0 = Debug|Any CPU
		{578B4238-A48C-4F8F-9FB9-4D2E077053BA}.Debug|x64.ActiveCfg = Debug|Any CPU
		{578B4238-A48C-4F8F-9FB9-4D2E077053BA}.Debug|x64.Build.0 = Debug|Any CPU
		{578B4238-A48C-4F8F-9FB9-4D2E077053BA}.Debug|x86.ActiveCfg = Debug|Any CPU
		{578B4238-A48C-4F8F-9FB9-4D2E077053BA}.Debug|x86.Build.0 = Debug|Any CPU
		{578B4238-A48C-4F8F-9FB9-4D2E077053BA}.Release|Any CPU.ActiveCfg = Release|Any CPU
		{578B4238-A48C-4F8F-9FB9-4D2E077053BA}.Release|Any CPU.Build.0 = Release|Any CPU
		{578B4238-A48C-4F8F-9FB9-4D2E077053BA}.Release|x64.ActiveCfg = Release|Any CPU
		{578B4238-A48C-4F8F-9FB9-4D2E077053BA}.Release|x64.Build.0 = Release|Any CPU
		{578B4238-A48C-4F8F-9FB9-4D2E077053BA}.Release|x86.ActiveCfg = Release|Any CPU
		{578B4238-A48C-4F8F-9FB9-4D2E077053BA}.Release|x86.Build.0 = Release|Any CPU
		{9F5A5474-73E0-4FF4-B48D-EB59009B9D4A}.Debug|Any CPU.ActiveCfg = Debug|Win32
		{9F5A5474-73E0-4FF4-B48D-EB59009B9D4A}.Debug|x64.ActiveCfg = Debug|x64
		{9F5A5474-73E0-4FF4-B48D-EB59009B9D4A}.Debug|x64.Build.0 = Debug|x64
		{9F5A5474-73E0-4FF4-B48D-EB59009B9D4A}.Debug|x86.ActiveCfg = Debug|Win32
		{9F5A5474-73E0-4FF4-B48D-EB59009B9D4A}.Debug|x86.Build.0 = Debug|Win32
		{9F5A5474-73E0-4FF4-B48D-EB59009B9D4A}.Release|Any CPU.ActiveCfg = Release|Win32
		{9F5A5474-73E0-4FF4-B48D-EB59009B9D4A}.Release|x64.ActiveCfg = Release|x64
		{9F5A5474-73E0-4FF4-B48D-EB59009B9D4A}.Release|x64.Build.0 = Release|x64
		{9F5A5474-73E0-4FF4-B48D-EB59009B9D4A}.Release|x86.ActiveCfg = Release|Win32
		{9F5A5474-73E0-4FF4-B48D-EB59009B9D4A}.Release|x86.Build.0 = Release|Win32
		{BB1768E6-2CDC-4207-8738-6B040E1B9AD6}.Debug|Any CPU.ActiveCfg = Debug|Win32
		{BB1768E6-2CDC-4207-8738-6B040E1B9AD6}.Debug|x64.ActiveCfg = Debug|x64
		{BB1768E6-2CDC-4207-8738-6B040E1B9AD6}.Debug|x64.Build.0 = Debug|x64
		{BB1768E6-2CDC-4207-8738-6B040E1B9AD6}.Debug|x86.ActiveCfg = Debug|Win32
		{BB1768E6-2CDC-4207-8738-6B040E1B9AD6}.Debug|x86.Build.0 = Debug|Win32
		{BB1768E6-2CDC-4207-8738-6B040E1B9AD6}.Release|Any CPU.ActiveCfg = Release|Win32
		{BB1768E6-2CDC-4207-8738-6B040E1B9AD6}.Release|x64.ActiveCfg = Release|x64
		{BB1768E6-2CDC-4207-8738-6B040E1B9AD6}.Release|x64.Build.0 = Release|x64
		{BB1768E6-2CDC-4207-8738-6B040E1B9AD6}.Release|x86.ActiveCfg = Release|Win32
		{BB1768E6-2CDC-4207-8738-6B040E1B9AD6}.Release|x86.Build.0 = Release|Win32
		{E89EE2F0-71A2-428F-A6C1-44656768E113}.Debug|Any CPU.ActiveCfg = Debug|Win32
		{E89EE2F0-71A2-428F-A6C1-44656768E113}.Debug|x64.ActiveCfg = Debug|x64
		{E89EE2F0-71A2-428F-A6C1-44656768E113}.Debug|x64.Build.0 = Debug|x64
		{E89EE2F0-71A2-428F-A6C1-44656768E113}.Debug|x86.ActiveCfg = Debug|Win32
		{E89EE2F0-71A2-428F-A6C1-44656768E113}.Debug|x86.Build.0 = Debug|Win32
		{E89EE2F0-71A2-428F-A6C1-44656768E113}.Release|Any CPU.ActiveCfg = Release|Win32
		{E89EE2F0-71A2-428F-A6C1-44656768E113}.Release|x64.ActiveCfg = Release|x64
		{E89EE2F0-71A2-428F-A6C1-44656768E113}.Release|x64.Build.0 = Release|x64
		{E89EE2F0-71A2-428F-A6C1-44656768E113}.Release|x86.ActiveCfg = Release|Win32
		{E89EE2F0-71A2-428F-A6C1-44656768E113}.Release|x86.Build.0 = Release|Win32
	EndGlobalSection
	GlobalSection(SolutionProperties) = preSolution
		HideSolutionNode = FALSE
	EndGlobalSection
	GlobalSection(ExtensibilityGlobals) = postSolution
		SolutionGuid = {C0959A9C-44FD-47B5-8117-BA966C144152}
	EndGlobalSection
EndGlobal
